{
    "_readme": [
        "This file locks the dependencies of your project to a known state",
        "Read more about it at http://getcomposer.org/doc/01-basic-usage.md#composer-lock-the-lock-file"
    ],
    "hash": "cdcb702e86cdc1ce46ef9ebfa57dc898",
    "packages": [
        {
            "name": "kdyby/forms-replicator",
            "version": "dev-master",
            "source": {
                "type": "git",
                "url": "https://github.com/Kdyby/Replicator.git",
                "reference": "57f4766c0eb653ab283341d492ec8966a42755e5"
            },
            "dist": {
                "type": "zip",
                "url": "https://api.github.com/repos/Kdyby/Replicator/zipball/57f4766c0eb653ab283341d492ec8966a42755e5",
                "reference": "57f4766c0eb653ab283341d492ec8966a42755e5",
                "shasum": ""
            },
            "require": {
                "nette/nette": "@dev"
            },
            "require-dev": {
                "nette/tester": "@dev"
            },
            "type": "library",
            "extra": {
                "branch-alias": {
                    "dev-master": "1.0-dev"
                }
            },
            "autoload": {
                "psr-0": {
                    "Kdyby\\Replicator\\": "src/"
                }
            },
            "notification-url": "https://packagist.org/downloads/",
            "license": [
                "BSD-3-Clause",
                "GPL-2.0",
                "GPL-3.0"
            ],
            "authors": [
                {
                    "name": "Filip Procházka",
                    "homepage": "http://filip-prochazka.com"
                }
            ],
            "description": "Nette forms container replicator aka addDynamic",
            "homepage": "http://kdyby.org",
            "keywords": [
                "Forms",
                "addDynamic",
                "kdyby",
                "nette",
                "replicator"
            ],
            "time": "2014-01-30 16:28:01"
        },
        {
            "name": "kolinger/square-forms",
            "version": "dev-master",
            "source": {
                "type": "git",
                "url": "https://github.com/kolinger/square-forms.git",
                "reference": "d34b7c1ca644621a420926d31fba1e3f8abf7bc8"
            },
            "dist": {
                "type": "zip",
                "url": "https://api.github.com/repos/kolinger/square-forms/zipball/d34b7c1ca644621a420926d31fba1e3f8abf7bc8",
                "reference": "d34b7c1ca644621a420926d31fba1e3f8abf7bc8",
                "shasum": ""
            },
            "require": {
                "nette/nette": "2.1.*",
                "php": ">= 5.4.0"
            },
            "type": "library",
            "autoload": {
                "psr-0": {
                    "Square\\": "src/"
                }
            },
            "notification-url": "https://packagist.org/downloads/",
            "license": [
                "WTFPL"
            ],
            "authors": [
                {
                    "name": "Tomáš Kolinger",
                    "email": "tomas@kolinger.name",
                    "homepage": "http://tomas.kolinger.name"
                }
            ],
            "time": "2014-02-17 17:55:29"
        },
        {
            "name": "nette/nette",
            "version": "v2.1.1",
            "source": {
                "type": "git",
                "url": "https://github.com/nette/nette.git",
                "reference": "9e7e5fc5921053172dbacecda2c06d749f89a71b"
            },
            "dist": {
                "type": "zip",
                "url": "https://api.github.com/repos/nette/nette/zipball/9e7e5fc5921053172dbacecda2c06d749f89a71b",
                "reference": "9e7e5fc5921053172dbacecda2c06d749f89a71b",
                "shasum": ""
            },
            "require": {
                "ext-iconv": "*",
                "ext-tokenizer": "*",
                "php": ">=5.3.1"
            },
            "require-dev": {
                "nette/tester": "~1.0.0"
            },
            "suggest": {
                "ext-fileinfo": "*",
                "ext-gd": "*",
                "ext-mbstring": "*",
                "ext-pdo": "*"
            },
            "type": "library",
            "autoload": {
                "classmap": [
                    "Nette/"
                ],
                "files": [
                    "Nette/common/shortcuts.php"
                ]
            },
            "notification-url": "https://packagist.org/downloads/",
            "license": [
                "BSD-3-Clause",
                "GPL-2.0",
                "GPL-3.0"
            ],
            "authors": [
                {
                    "name": "David Grudl",
                    "homepage": "http://davidgrudl.com"
                },
                {
                    "name": "Nette Community",
                    "homepage": "http://nette.org/contributors"
                }
            ],
            "description": "Nette Framework - innovative framework for fast and easy development of secured web applications in PHP. Write less, have cleaner code and your work will bring you joy.",
            "homepage": "http://nette.org",
            "keywords": [
                "Forms",
                "database",
                "debugging",
                "framework",
                "mailing",
                "mvc",
                "templating"
            ],
            "time": "2014-02-11 04:51:20"
        }
    ],
    "packages-dev": [

    ],
    "aliases": [

    ],
    "minimum-stability": "stable",
    "stability-flags": {
        "kolinger/square-forms": 20,
        "kdyby/forms-replicator": 20
    },
    "platform": {
        "php": ">= 5.3.7"
    },
    "platform-dev": [

    ]
}
